// !$*UTF8*$!
{
	archiveVersion = 1;
	classes = {
	};
	objectVersion = 56;
	objects = {

/* Begin PBXBuildFile section */
		5F4C9385303D6014004DF9E0 /* Thought_PinsApp.swift in Sources */ = {isa = PBXBuildFile; fileRef = 5F4C9384303D6014004DF9E0 /* Thought_PinsApp.swift */; };
		5F4C9387303D6014004DF9E0 /* ContentView.swift in Sources */ = {isa = PBXBuildFile; fileRef = 5F4C9386303D6014004DF9E0 /* ContentView.swift */; };
		5F4C9389303D6017004DF9E0 /* Assets.xcassets in Resources */ = {isa = PBXBuildFile; fileRef = 5F4C9388303D6017004DF9E0 /* Assets.xcassets */; };
		5F4C938D303D6017004DF9E0 /* Preview Assets.xcassets in Resources */ = {isa = PBXBuildFile; fileRef = 5F4C938C303D6017004DF9E0 /* Preview Assets.xcassets */; };
		5F4C9397303D6018004DF9E0 /* Thought_PinsTests.swift in Sources */ = {isa = PBXBuildFile; fileRef = 5F4C9396303D6018004DF9E0 /* Thought_PinsTests.swift */; };
		5F4C93A1303D6018004DF9E0 /* Thought_PinsUITests.swift in Sources */ = {isa = PBXBuildFile; fileRef = 5F4C93A0303D6018004DF9E0 /* Thought_PinsUITests.swift */; };
		5F4C93A3303D6018004DF9E0 /* Thought_PinsUITestsLaunchTests.swift in Sources */ = {isa = PBXBuildFile; fileRef = 5F4C93A2303D6018004DF9E0 /* Thought_PinsUITestsLaunchTests.swift */; };
/* End PBXBuildFile section */

/* Begin PBXContainerItemProxy section */
		5F4C9393303D6018004DF9E0 /* PBXContainerItemProxy */ = {
			isa = PBXContainerItemProxy;
			containerPortal = 5F4C9379303D6014004DF9E0 /* Project object */;
			proxyType = 1;
			remoteGlobalIDString = 5F4C9380303D6014004DF9E0;
			remoteInfo = "Thought Pins";
		};
		5F4C939D303D6018004DF9E0 /* PBXContainerItemProxy */ = {
			isa = PBXContainerItemProxy;
			containerPortal = 5F4C9379303D6014004DF9E0 /* Project object */;
			proxyType = 1;
			remoteGlobalIDString = 5F4C9380303D6014004DF9E0;
			remoteInfo = "Thought Pins";
		};
/* End PBXContainerItemProxy section */

/* Begin PBXFileReference section */
		5F4C9381303D6014004DF9E0 /* Thought Pins.app */ = {isa = PBXFileReference; explicitFileType = wrapper.application; includeInIndex = 0; path = "Thought Pins.app"; sourceTree = BUILT_PRODUCTS_DIR; };
		5F4C9384303D6014004DF9E0 /* Thought_PinsApp.swift */ = {isa = PBXFileReference; lastKnownFileType = sourcecode.swift; path = Thought_PinsApp.swift; sourceTree = "<group>"; };
		5F4C9386303D6014004DF9E0 /* ContentView.swift */ = {isa = PBXFileReference; lastKnownFileType = sourcecode.swift; path = ContentView.swift; sourceTree = "<group>"; };
		5F4C9388303D6017004DF9E0 /* Assets.xcassets */ = {isa = PBXFileReference; lastKnownFileType = folder.assetcatalog; path = Assets.xcassets; sourceTree = "<group>"; };
		5F4C938A303D6017004DF9E0 /* Thought_Pins.entitlements */ = {isa = PBXFileReference; lastKnownFileType = text.plist.entitlements; path = Thought_Pins.entitlements; sourceTree = "<group>"; };
		5F4C938C303D6017004DF9E0 /* Preview Assets.xcassets */ = {isa = PBXFileReference; lastKnownFileType = folder.assetcatalog; path = "Preview Assets.xcassets"; sourceTree = "<group>"; };
		5F4C9392303D6018004DF9E0 /* Thought PinsTests.xctest */ = {isa = PBXFileReference; explicitFileType = wrapper.cfbundle; includeInIndex = 0; path = "Thought PinsTests.xctest"; sourceTree = BUILT_PRODUCTS_DIR; };
		5F4C9396303D6018004DF9E0 /* Thought_PinsTests.swift */ = {isa = PBXFileReference; lastKnownFileType = sourcecode.swift; path = Thought_PinsTests.swift; sourceTree = "<group>"; };
		5F4C939C303D6018004DF9E0 /* Thought PinsUITests.xctest */ = {isa = PBXFileReference; explicitFileType = wrapper.cfbundle; includeInIndex = 0; path = "Thought PinsUITests.xctest"; sourceTree = BUILT_PRODUCTS_DIR; };
		5F4C93A0303D6018004DF9E0 /* Thought_PinsUITests.swift */ = {isa = PBXFileReference; lastKnownFileType = sourcecode.swift; path = Thought_PinsUITests.swift; sourceTree = "<group>"; };
		5F4C93A2303D6018004DF9E0 /* Thought_PinsUITestsLaunchTests.swift */ = {isa = PBXFileReference; lastKnownFileType = sourcecode.swift; path = Thought_PinsUITestsLaunchTests.swift; sourceTree = "<group>"; };
/* End PBXFileReference section */

/* Begin PBXFrameworksBuildPhase section */
		5F4C937E303D6014004DF9E0 /* Frameworks */ = {
			isa = PBXFrameworksBuildPhase;
			buildActionMask = 2147483647;
			files = (
			);
			runOnlyForDeploymentPostprocessing = 0;
		};
		5F4C938F303D6018004DF9E0 /* Frameworks */ = {
			isa = PBXFrameworksBuildPhase;
			buildActionMask = 2147483647;
			files = (
			);
			runOnlyForDeploymentPostprocessing = 0;
		};
		5F4C9399303D6018004DF9E0 /* Frameworks */ = {
			isa = PBXFrameworksBuildPhase;
			buildActionMask = 2147483647;
			files = (
			);
			runOnlyForDeploymentPostprocessing = 0;
		};
/* End PBXFrameworksBuildPhase section */

/* Begin PBXGroup section */
		5F4C9378303D6014004DF9E0 = {
			isa = PBXGroup;
			children = (
				5F4C9383303D6014004DF9E0 /* Thought Pins */,
				5F4C9395303D6018004DF9E0 /* Thought PinsTests */,
				5F4C939F303D6018004DF9E0 /* Thought PinsUITests */,
				5F4C9382303D6014004DF9E0 /* Products */,
			);
			sourceTree = "<group>";
		};
		5F4C9382303D6014004DF9E0 /* Products */ = {
			isa = PBXGroup;
			children = (
				5F4C9381303D6014004DF9E0 /* Thought Pins.app */,
				5F4C9392303D6018004DF9E0 /* Thought PinsTests.xctest */,
				5F4C939C303D6018004DF9E0 /* Thought PinsUITests.xctest */,
			);
			name = Products;
			sourceTree = "<group>";
		};
		5F4C9383303D6014004DF9E0 /* Thought Pins */ = {
			isa = PBXGroup;
			children = (
				5F4C9384303D6014004DF9E0 /* Thought_PinsApp.swift */,
				5F4C9386303D6014004DF9E0 /* ContentView.swift */,
				5F4C9388303D6017004DF9E0 /* Assets.xcassets */,
				5F4C938A303D6017004DF9E0 /* Thought_Pins.entitlements */,
				5F4C938B303D6017004DF9E0 /* Preview Content */,
			);
			path = "Thought Pins";
			sourceTree = "<group>";
		};
		5F4C938B303D6017004DF9E0 /* Preview Content */ = {
			isa = PBXGroup;
			children = (
				5F4C938C303D6017004DF9E0 /* Preview Assets.xcassets */,
			);
			path = "Preview Content";
			sourceTree = "<group>";
		};
		5F4C9395303D6018004DF9E0 /* Thought PinsTests */ = {
			isa = PBXGroup;
			children = (
				5F4C9396303D6018004DF9E0 /* Thought_PinsTests.swift */,
			);
			path = "Thought PinsTests";
			sourceTree = "<group>";
		};
		5F4C939F303D6018004DF9E0 /* Thought PinsUITests */ = {
			isa = PBXGroup;
			children = (
				5F4C93A0303D6018004DF9E0 /* Thought_PinsUITests.swift */,
				5F4C93A2303D6018004DF9E0 /* Thought_PinsUITestsLaunchTests.swift */,
			);
			path = "Thought PinsUITests";
			sourceTree = "<group>";
		};
/* End PBXGroup section */

/* Begin PBXNativeTarget section */
		5F4C9380303D6014004DF9E0 /* Thought Pins */ = {
			isa = PBXNativeTarget;
			buildConfigurationList = 5F4C93A6303D6018004DF9E0 /* Build configuration list for PBXNativeTarget "Thought Pins" */;
			buildPhases = (
				5F4C937D303D6014004DF9E0 /* Sources */,
				5F4C937E303D6014004DF9E0 /* Frameworks */,
				5F4C937F303D6014004DF9E0 /* Resources */,
			);
			buildRules = (
			);
			dependencies = (
			);
			name = "Thought Pins";
			productName = "Thought Pins";
			productReference = 5F4C9381303D6014004DF9E0 /* Thought Pins.app */;
			productType = "com.apple.product-type.application";
		};
		5F4C9391303D6018004DF9E0 /* Thought PinsTests */ = {
			isa = PBXNativeTarget;
			buildConfigurationList = 5F4C93A9303D6018004DF9E0 /* Build configuration list for PBXNativeTarget "Thought PinsTests" */;
			buildPhases = (
				5F4C938E303D6018004DF9E0 /* Sources */,
				5F4C938F303D6018004DF9E0 /* Frameworks */,
				5F4C9390303D6018004DF9E0 /* Resources */,
			);
			buildRules = (
			);
			dependencies = (
				5F4C9394303D6018004DF9E0 /* PBXTargetDependency */,
			);
			name = "Thought PinsTests";
			productName = "Thought PinsTests";
			productReference = 5F4C9392303D6018004DF9E0 /* Thought PinsTests.xctest */;
			productType = "com.apple.product-type.bundle.unit-test";
		};
		5F4C939B303D6018004DF9E0 /* Thought PinsUITests */ = {
			isa = PBXNativeTarget;
			buildConfigurationList = 5F4C93AC303D6018004DF9E0 /* Build configuration list for PBXNativeTarget "Thought PinsUITests" */;
			buildPhases = (
				5F4C9398303D6018004DF9E0 /* Sources */,
				5F4C9399303D6018004DF9E0 /* Frameworks */,
				5F4C939A303D6018004DF9E0 /* Resources */,
			);
			buildRules = (
			);
			dependencies = (
				5F4C939E303D6018004DF9E0 /* PBXTargetDependency */,
			);
			name = "Thought PinsUITests";
			productName = "Thought PinsUITests";
			productReference = 5F4C939C303D6018004DF9E0 /* Thought PinsUITests.xctest */;
			productType = "com.apple.product-type.bundle.ui-testing";
		};
/* End PBXNativeTarget section */

/* Begin PBXProject section */
		5F4C9379303D6014004DF9E0 /* Project object */ = {
			isa = PBXProject;
			attributes = {
				BuildIndependentTargetsInParallel = 1;
				LastSwiftUpdateCheck = 1520;
				LastUpgradeCheck = 1520;
				TargetAttributes = {
					5F4C9380303D6014004DF9E0 = {
						CreatedOnToolsVersion = 15.2;
					};
					5F4C9391303D6018004DF9E0 = {
						CreatedOnToolsVersion = 15.2;
						TestTargetID = 5F4C9380303D6014004DF9E0;
					};
					5F4C939B303D6018004DF9E0 = {
						CreatedOnToolsVersion = 15.2;
						TestTargetID = 5F4C9380303D6014004DF9E0;
					};
				};
			};
			buildConfigurationList = 5F4C937C303D6014004DF9E0 /* Build configuration list for PBXProject "Thought Pins" */;
			compatibilityVersion = "Xcode 14.0";
			developmentRegion = en;
			hasScannedForEncodings = 0;
			knownRegions = (
				en,
				Base,
			);
			mainGroup = 5F4C9378303D6014004DF9E0;
			productRefGroup = 5F4C9382303D6014004DF9E0 /* Products */;
			projectDirPath = "";
			projectRoot = "";
			targets = (
				5F4C9380303D6014004DF9E0 /* Thought Pins */,
				5F4C9391303D6018004DF9E0 /* Thought PinsTests */,
				5F4C939B303D6018004DF9E0 /* Thought PinsUITests */,
			);
		};
/* End PBXProject section */

/* Begin PBXResourcesBuildPhase section */
		5F4C937F303D6014004DF9E0 /* Resources */ = {
			isa = PBXResourcesBuildPhase;
			buildActionMask = 2147483647;
			files = (
				5F4C938D303D6017004DF9E0 /* Preview Assets.xcassets in Resources */,
				5F4C9389303D6017004DF9E0 /* Assets.xcassets in Resources */,
			);
			runOnlyForDeploymentPostprocessing = 0;
		};
		5F4C9390303D6018004DF9E0 /* Resources */ = {
			isa = PBXResourcesBuildPhase;
			buildActionMask = 2147483647;
			files = (
			);
			runOnlyForDeploymentPostprocessing = 0;
		};
		5F4C939A303D6018004DF9E0 /* Resources */ = {
			isa = PBXResourcesBuildPhase;
			buildActionMask = 2147483647;
			files = (
			);
			runOnlyForDeploymentPostprocessing = 0;
		};
/* End PBXResourcesBuildPhase section */

/* Begin PBXSourcesBuildPhase section */
		5F4C937D303D6014004DF9E0 /* Sources */ = {
			isa = PBXSourcesBuildPhase;
			buildActionMask = 2147483647;
			files = (
				5F4C9387303D6014004DF9E0 /* ContentView.swift in Sources */,
				5F4C9385303D6014004DF9E0 /* Thought_PinsApp.swift in Sources */,
			);
			runOnlyForDeploymentPostprocessing = 0;
		};
		5F4C938E303D6018004DF9E0 /* Sources */ = {
			isa = PBXSourcesBuildPhase;
			buildActionMask = 2147483647;
			files = (
				5F4C9397303D6018004DF9E0 /* Thought_PinsTests.swift in Sources */,
			);
			runOnlyForDeploymentPostprocessing = 0;
		};
		5F4C9398303D6018004DF9E0 /* Sources */ = {
			isa = PBXSourcesBuildPhase;
			buildActionMask = 2147483647;
			files = (
				5F4C93A3303D6018004DF9E0 /* Thought_PinsUITestsLaunchTests.swift in Sources */,
				5F4C93A1303D6018004DF9E0 /* Thought_PinsUITests.swift in Sources */,
			);
			runOnlyForDeploymentPostprocessing = 0;
		};
/* End PBXSourcesBuildPhase section */

/* Begin PBXTargetDependency section */
		5F4C9394303D6018004DF9E0 /* PBXTargetDependency */ = {
			isa = PBXTargetDependency;
			target = 5F4C9380303D6014004DF9E0 /* Thought Pins */;
			targetProxy = 5F4C9393303D6018004DF9E0 /* PBXContainerItemProxy */;
		};
		5F4C939E303D6018004DF9E0 /* PBXTargetDependency */ = {
			isa = PBXTargetDependency;
			target = 5F4C9380303D6014004DF9E0 /* Thought Pins */;
			targetProxy = 5F4C939D303D6018004DF9E0 /* PBXContainerItemProxy */;
		};
/* End PBXTargetDependency section */

/* Begin XCBuildConfiguration section */
		5F4C93A4303D6018004DF9E0 /* Debug */ = {
			isa = XCBuildConfiguration;
			buildSettings = {
				ALWAYS_SEARCH_USER_PATHS = NO;
				ASSETCATALOG_COMPILER_GENERATE_SWIFT_ASSET_SYMBOL_EXTENSIONS = YES;
				CLANG_ANALYZER_NONNULL = YES;
				CLANG_ANALYZER_NUMBER_OBJECT_CONVERSION = YES_AGGRESSIVE;
				CLANG_CXX_LANGUAGE_STANDARD = "gnu++20";
				CLANG_ENABLE_MODULES = YES;
				CLANG_ENABLE_OBJC_ARC = YES;
				CLANG_ENABLE_OBJC_WEAK = YES;
				CLANG_WARN_BLOCK_CAPTURE_AUTORELEASING = YES;
				CLANG_WARN_BOOL_CONVERSION = YES;
				CLANG_WARN_COMMA = YES;
				CLANG_WARN_CONSTANT_CONVERSION = YES;
				CLANG_WARN_DEPRECATED_OBJC_IMPLEMENTATIONS = YES;
				CLANG_WARN_DIRECT_OBJC_ISA_USAGE = YES_ERROR;
				CLANG_WARN_DOCUMENTATION_COMMENTS = YES;
				CLANG_WARN_EMPTY_BODY = YES;
				CLANG_WARN_ENUM_CONVERSION = YES;
				CLANG_WARN_INFINITE_RECURSION = YES;
				CLANG_WARN_INT_CONVERSION = YES;
				CLANG_WARN_NON_LITERAL_NULL_CONVERSION = YES;
				CLANG_WARN_OBJC_IMPLICIT_RETAIN_SELF = YES;
				CLANG_WARN_OBJC_LITERAL_CONVERSION = YES;
				CLANG_WARN_OBJC_ROOT_CLASS = YES_ERROR;
				CLANG_WARN_QUOTED_INCLUDE_IN_FRAMEWORK_HEADER = YES;
				CLANG_WARN_RANGE_LOOP_ANALYSIS = YES;
				CLANG_WARN_STRICT_PROTOTYPES = YES;
				CLANG_WARN_SUSPICIOUS_MOVE = YES;
				CLANG_WARN_UNGUARDED_AVAILABILITY = YES_AGGRESSIVE;
				CLANG_WARN_UNREACHABLE_CODE = YES;
				CLANG_WARN__DUPLICATE_METHOD_MATCH = YES;
				COPY_PHASE_STRIP = NO;
				DEBUG_INFORMATION_FORMAT = dwarf;
				ENABLE_STRICT_OBJC_MSGSEND = YES;
				ENABLE_TESTABILITY = YES;
				ENABLE_USER_SCRIPT_SANDBOXING = YES;
				GCC_C_LANGUAGE_STANDARD = gnu17;
				GCC_DYNAMIC_NO_PIC = NO;
				GCC_NO_COMMON_BLOCKS = YES;
				GCC_OPTIMIZATION_LEVEL = 0;
				GCC_PREPROCESSOR_DEFINITIONS = (
					"DEBUG=1",
					"$(inherited)",
				);
				GCC_WARN_64_TO_32_BIT_CONVERSION = YES;
				GCC_WARN_ABOUT_RETURN_TYPE = YES_ERROR;
				GCC_WARN_UNDECLARED_SELECTOR = YES;
				GCC_WARN_UNINITIALIZED_AUTOS = YES_AGGRESSIVE;
				GCC_WARN_UNUSED_FUNCTION = YES;
				GCC_WARN_UNUSED_VARIABLE = YES;
				LOCALIZATION_PREFERS_STRING_CATALOGS = YES;
				MTL_ENABLE_DEBUG_INFO = INCLUDE_SOURCE;
				MTL_FAST_MATH = YES;
				ONLY_ACTIVE_ARCH = YES;
				SWIFT_ACTIVE_COMPILATION_CONDITIONS = "DEBUG $(inherited)";
				SWIFT_OPTIMIZATION_LEVEL = "-Onone";
			};
			name = Debug;
		};
		5F4C93A5303D6018004DF9E0 /* Release */ = {
			isa = XCBuildConfiguration;
			buildSettings = {
				ALWAYS_SEARCH_USER_PATHS = NO;
				ASSETCATALOG_COMPILER_GENERATE_SWIFT_ASSET_SYMBOL_EXTENSIONS = YES;
				CLANG_ANALYZER_NONNULL = YES;
				CLANG_ANALYZER_NUMBER_OBJECT_CONVERSION = YES_AGGRESSIVE;
				CLANG_CXX_LANGUAGE_STANDARD = "gnu++20";
				CLANG_ENABLE_MODULES = YES;
				CLANG_ENABLE_OBJC_ARC = YES;
				CLANG_ENABLE_OBJC_WEAK = YES;
				CLANG_WARN_BLOCK_CAPTURE_AUTORELEASING = YES;
				CLANG_WARN_BOOL_CONVERSION = YES;
				CLANG_WARN_COMMA = YES;
				CLANG_WARN_CONSTANT_CONVERSION = YES;
				CLANG_WARN_DEPRECATED_OBJC_IMPLEMENTATIONS = YES;
				CLANG_WARN_DIRECT_OBJC_ISA_USAGE = YES_ERROR;
				CLANG_WARN_DOCUMENTATION_COMMENTS = YES;
				CLANG_WARN_EMPTY_BODY = YES;
				CLANG_WARN_ENUM_CONVERSION = YES;
				CLANG_WARN_INFINITE_RECURSION = YES;
				CLANG_WARN_INT_CONVERSION = YES;
				CLANG_WARN_NON_LITERAL_NULL_CONVERSION = YES;
				CLANG_WARN_OBJC_IMPLICIT_RETAIN_SELF = YES;
				CLANG_WARN_OBJC_LITERAL_CONVERSION = YES;
				CLANG_WARN_OBJC_ROOT_CLASS = YES_ERROR;
				CLANG_WARN_QUOTED_INCLUDE_IN_FRAMEWORK_HEADER = YES;
				CLANG_WARN_RANGE_LOOP_ANALYSIS = YES;
				CLANG_WARN_STRICT_PROTOTYPES = YES;
				CLANG_WARN_SUSPICIOUS_MOVE = YES;
				CLANG_WARN_UNGUARDED_AVAILABILITY = YES_AGGRESSIVE;
				CLANG_WARN_UNREACHABLE_CODE = YES;
				CLANG_WARN__DUPLICATE_METHOD_MATCH = YES;
				COPY_PHASE_STRIP = NO;
				DEBUG_INFORMATION_FORMAT = "dwarf-with-dsym";
				ENABLE_NS_ASSERTIONS = NO;
				ENABLE_STRICT_OBJC_MSGSEND = YES;
				ENABLE_USER_SCRIPT_SANDBOXING = YES;
				GCC_C_LANGUAGE_STANDARD = gnu17;
				GCC_NO_COMMON_BLOCKS = YES;
				GCC_WARN_64_TO_32_BIT_CONVERSION = YES;
				GCC_WARN_ABOUT_RETURN_TYPE = YES_ERROR;
				GCC_WARN_UNDECLARED_SELECTOR = YES;
				GCC_WARN_UNINITIALIZED_AUTOS = YES_AGGRESSIVE;
				GCC_WARN_UNUSED_FUNCTION = YES;
				GCC_WARN_UNUSED_VARIABLE = YES;
				LOCALIZATION_PREFERS_STRING_CATALOGS = YES;
				MTL_ENABLE_DEBUG_INFO = NO;
				MTL_FAST_MATH = YES;
				SWIFT_COMPILATION_MODE = wholemodule;
			};
			name = Release;
		};
		5F4C93A7303D6018004DF9E0 /* Debug */ = {
			isa = XCBuildConfiguration;
			buildSettings = {
				ASSETCATALOG_COMPILER_APPICON_NAME = AppIcon;
				ASSETCATALOG_COMPILER_GLOBAL_ACCENT_COLOR_NAME = AccentColor;
				CODE_SIGN_ENTITLEMENTS = "Thought Pins/Thought_Pins.entitlements";
				CODE_SIGN_STYLE = Automatic;
				CURRENT_PROJECT_VERSION = 1;
				DEVELOPMENT_ASSET_PATHS = "\"Thought Pins/Preview Content\"";
				DEVELOPMENT_TEAM = W24H269428;
				ENABLE_HARDENED_RUNTIME = YES;
				ENABLE_PREVIEWS = YES;
				GENERATE_INFOPLIST_FILE = YES;
				"INFOPLIST_KEY_UIApplicationSceneManifest_Generation[sdk=iphoneos*]" = YES;
				"INFOPLIST_KEY_UIApplicationSceneManifest_Generation[sdk=iphonesimulator*]" = YES;
				"INFOPLIST_KEY_UIApplicationSupportsIndirectInputEvents[sdk=iphoneos*]" = YES;
				"INFOPLIST_KEY_UIApplicationSupportsIndirectInputEvents[sdk=iphonesimulator*]" = YES;
				"INFOPLIST_KEY_UILaunchScreen_Generation[sdk=iphoneos*]" = YES;
				"INFOPLIST_KEY_UILaunchScreen_Generation[sdk=iphonesimulator*]" = YES;
				"INFOPLIST_KEY_UIStatusBarStyle[sdk=iphoneos*]" = UIStatusBarStyleDefault;
				"INFOPLIST_KEY_UIStatusBarStyle[sdk=iphonesimulator*]" = UIStatusBarStyleDefault;
				INFOPLIST_KEY_UISupportedInterfaceOrientations_iPad = "UIInterfaceOrientationPortrait UIInterfaceOrientationPortraitUpsideDown UIInterfaceOrientationLandscapeLeft UIInterfaceOrientationLandscapeRight";
				INFOPLIST_KEY_UISupportedInterfaceOrientations_iPhone = "UIInterfaceOrientationPortrait UIInterfaceOrientationLandscapeLeft UIInterfaceOrientationLandscapeRight";
				IPHONEOS_DEPLOYMENT_TARGET = 17.2;
				LD_RUNPATH_SEARCH_PATHS = "@executable_path/Frameworks";
				"LD_RUNPATH_SEARCH_PATHS[sdk=macosx*]" = "@executable_path/../Frameworks";
				MACOSX_DEPLOYMENT_TARGET = 13.7;
				MARKETING_VERSION = 1.0;
				PRODUCT_BUNDLE_IDENTIFIER = "thoughtpins.Thought-Pins";
				PRODUCT_NAME = "$(TARGET_NAME)";
				SDKROOT = auto;
				SUPPORTED_PLATFORMS = "iphoneos iphonesimulator macosx";
				SWIFT_EMIT_LOC_STRINGS = YES;
				SWIFT_VERSION = 5.0;
				TARGETED_DEVICE_FAMILY = "1,2";
			};
			name = Debug;
		};
		5F4C93A8303D6018004DF9E0 /* Release */ = {
			isa = XCBuildConfiguration;
			buildSettings = {
				ASSETCATALOG_COMPILER_APPICON_NAME = AppIcon;
				ASSETCATALOG_COMPILER_GLOBAL_ACCENT_COLOR_NAME = AccentColor;
				CODE_SIGN_ENTITLEMENTS = "Thought Pins/Thought_Pins.entitlements";
				CODE_SIGN_STYLE = Automatic;
				CURRENT_PROJECT_VERSION = 1;
				DEVELOPMENT_ASSET_PATHS = "\"Thought Pins/Preview Content\"";
				DEVELOPMENT_TEAM = W24H269428;
				ENABLE_HARDENED_RUNTIME = YES;
				ENABLE_PREVIEWS = YES;
				GENERATE_INFOPLIST_FILE = YES;
				"INFOPLIST_KEY_UIApplicationSceneManifest_Generation[sdk=iphoneos*]" = YES;
				"INFOPLIST_KEY_UIApplicationSceneManifest_Generation[sdk=iphonesimulator*]" = YES;
				"INFOPLIST_KEY_UIApplicationSupportsIndirectInputEvents[sdk=iphoneos*]" = YES;
				"INFOPLIST_KEY_UIApplicationSupportsIndirectInputEvents[sdk=iphonesimulator*]" = YES;
				"INFOPLIST_KEY_UILaunchScreen_Generation[sdk=iphoneos*]" = YES;
				"INFOPLIST_KEY_UILaunchScreen_Generation[sdk=iphonesimulator*]" = YES;
				"INFOPLIST_KEY_UIStatusBarStyle[sdk=iphoneos*]" = UIStatusBarStyleDefault;
				"INFOPLIST_KEY_UIStatusBarStyle[sdk=iphonesimulator*]" = UIStatusBarStyleDefault;
				INFOPLIST_KEY_UISupportedInterfaceOrientations_iPad = "UIInterfaceOrientationPortrait UIInterfaceOrientationPortraitUpsideDown UIInterfaceOrientationLandscapeLeft UIInterfaceOrientationLandscapeRight";
				INFOPLIST_KEY_UISupportedInterfaceOrientations_iPhone = "UIInterfaceOrientationPortrait UIInterfaceOrientationLandscapeLeft UIInterfaceOrientationLandscapeRight";
				IPHONEOS_DEPLOYMENT_TARGET = 17.2;
				LD_RUNPATH_SEARCH_PATHS = "@executable_path/Frameworks";
				"LD_RUNPATH_SEARCH_PATHS[sdk=macosx*]" = "@executable_path/../Frameworks";
				MACOSX_DEPLOYMENT_TARGET = 13.7;
				MARKETING_VERSION = 1.0;
				PRODUCT_BUNDLE_IDENTIFIER = "thoughtpins.Thought-Pins";
				PRODUCT_NAME = "$(TARGET_NAME)";
				SDKROOT = auto;
				SUPPORTED_PLATFORMS = "iphoneos iphonesimulator macosx";
				SWIFT_EMIT_LOC_STRINGS = YES;
				SWIFT_VERSION = 5.0;
				TARGETED_DEVICE_FAMILY = "1,2";
			};
			name = Release;
		};
		5F4C93AA303D6018004DF9E0 /* Debug */ = {
			isa = XCBuildConfiguration;
			buildSettings = {
				ALWAYS_EMBED_SWIFT_STANDARD_LIBRARIES = YES;
				BUNDLE_LOADER = "$(TEST_HOST)";
				CODE_SIGN_STYLE = Automatic;
				CURRENT_PROJECT_VERSION = 1;
				DEVELOPMENT_TEAM = W24H269428;
				GENERATE_INFOPLIST_FILE = YES;
				IPHONEOS_DEPLOYMENT_TARGET = 17.2;
				MACOSX_DEPLOYMENT_TARGET = 13.7;
				MARKETING_VERSION = 1.0;
				PRODUCT_BUNDLE_IDENTIFIER = "thoughtpins.Thought-PinsTests";
				PRODUCT_NAME = "$(TARGET_NAME)";
				SDKROOT = auto;
				SUPPORTED_PLATFORMS = "iphoneos iphonesimulator macosx";
				SWIFT_EMIT_LOC_STRINGS = NO;
				SWIFT_VERSION = 5.0;
				TARGETED_DEVICE_FAMILY = "1,2";
				TEST_HOST = "$(BUILT_PRODUCTS_DIR)/Thought Pins.app/$(BUNDLE_EXECUTABLE_FOLDER_PATH)/Thought Pins";
			};
			name = Debug;
		};
		5F4C93AB303D6018004DF9E0 /* Release */ = {
			isa = XCBuildConfiguration;
			buildSettings = {
				ALWAYS_EMBED_SWIFT_STANDARD_LIBRARIES = YES;
				BUNDLE_LOADER = "$(TEST_HOST)";
				CODE_SIGN_STYLE = Automatic;
				CURRENT_PROJECT_VERSION = 1;
				DEVELOPMENT_TEAM = W24H269428;
				GENERATE_INFOPLIST_FILE = YES;
				IPHONEOS_DEPLOYMENT_TARGET = 17.2;
				MACOSX_DEPLOYMENT_TARGET = 13.7;
				MARKETING_VERSION = 1.0;
				PRODUCT_BUNDLE_IDENTIFIER = "thoughtpins.Thought-PinsTests";
				PRODUCT_NAME = "$(TARGET_NAME)";
				SDKROOT = auto;
				SUPPORTED_PLATFORMS = "iphoneos iphonesimulator macosx";
				SWIFT_EMIT_LOC_STRINGS = NO;
				SWIFT_VERSION = 5.0;
				TARGETED_DEVICE_FAMILY = "1,2";
				TEST_HOST = "$(BUILT_PRODUCTS_DIR)/Thought Pins.app/$(BUNDLE_EXECUTABLE_FOLDER_PATH)/Thought Pins";
			};
			name = Release;
		};
		5F4C93AD303D6018004DF9E0 /* Debug */ = {
			isa = XCBuildConfiguration;
			buildSettings = {
				ALWAYS_EMBED_SWIFT_STANDARD_LIBRARIES = YES;
				CODE_SIGN_STYLE = Automatic;
				CURRENT_PROJECT_VERSION = 1;
				DEVELOPMENT_TEAM = W24H269428;
				GENERATE_INFOPLIST_FILE = YES;
				IPHONEOS_DEPLOYMENT_TARGET = 17.2;
				MACOSX_DEPLOYMENT_TARGET = 13.7;
				MARKETING_VERSION = 1.0;
				PRODUCT_BUNDLE_IDENTIFIER = "thoughtpins.Thought-PinsUITests";
				PRODUCT_NAME = "$(TARGET_NAME)";
				SDKROOT = auto;
				SUPPORTED_PLATFORMS = "iphoneos iphonesimulator macosx";
				SWIFT_EMIT_LOC_STRINGS = NO;
				SWIFT_VERSION = 5.0;
				TARGETED_DEVICE_FAMILY = "1,2";
				TEST_TARGET_NAME = "Thought Pins";
			};
			name = Debug;
		};
		5F4C93AE303D6018004DF9E0 /* Release */ = {
			isa = XCBuildConfiguration;
			buildSettings = {
				ALWAYS_EMBED_SWIFT_STANDARD_LIBRARIES = YES;
				CODE_SIGN_STYLE = Automatic;
				CURRENT_PROJECT_VERSION = 1;
				DEVELOPMENT_TEAM = W24H269428;
				GENERATE_INFOPLIST_FILE = YES;
				IPHONEOS_DEPLOYMENT_TARGET = 17.2;
				MACOSX_DEPLOYMENT_TARGET = 13.7;
				MARKETING_VERSION = 1.0;
				PRODUCT_BUNDLE_IDENTIFIER = "thoughtpins.Thought-PinsUITests";
				PRODUCT_NAME = "$(TARGET_NAME)";
				SDKROOT = auto;
				SUPPORTED_PLATFORMS = "iphoneos iphonesimulator macosx";
				SWIFT_EMIT_LOC_STRINGS = NO;
				SWIFT_VERSION = 5.0;
				TARGETED_DEVICE_FAMILY = "1,2";
				TEST_TARGET_NAME = "Thought Pins";
			};
			name = Release;
		};
/* End XCBuildConfiguration section */

/* Begin XCConfigurationList section */
		5F4C937C303D6014004DF9E0 /* Build configuration list for PBXProject "Thought Pins" */ = {
			isa = XCConfigurationList;
			buildConfigurations = (
				5F4C93A4303D6018004DF9E0 /* Debug */,
				5F4C93A5303D6018004DF9E0 /* Release */,
			);
			defaultConfigurationIsVisible = 0;
			defaultConfigurationName = Release;
		};
		5F4C93A6303D6018004DF9E0 /* Build configuration list for PBXNativeTarget "Thought Pins" */ = {
			isa = XCConfigurationList;
			buildConfigurations = (
				5F4C93A7303D6018004DF9E0 /* Debug */,
				5F4C93A8303D6018004DF9E0 /* Release */,
			);
			defaultConfigurationIsVisible = 0;
			defaultConfigurationName = Release;
		};
		5F4C93A9303D6018004DF9E0 /* Build configuration list for PBXNativeTarget "Thought PinsTests" */ = {
			isa = XCConfigurationList;
			buildConfigurations = (
				5F4C93AA303D6018004DF9E0 /* Debug */,
				5F4C93AB303D6018004DF9E0 /* Release */,
			);
			defaultConfigurationIsVisible = 0;
			defaultConfigurationName = Release;
		};
		5F4C93AC303D6018004DF9E0 /* Build configuration list for PBXNativeTarget "Thought PinsUITests" */ = {
			isa = XCConfigurationList;
			buildConfigurations = (
				5F4C93AD303D6018004DF9E0 /* Debug */,
				5F4C93AE303D6018004DF9E0 /* Release */,
			);
			defaultConfigurationIsVisible = 0;
			defaultConfigurationName = Release;
		};
/* End XCConfigurationList section */
	};
	rootObject = 5F4C9379303D6014004DF9E0 /* Project object */;
}
