// !$*UTF8*$!
{
	archiveVersion = 1;
	classes = {
	};
	objectVersion = 60;
	objects = {

/* Begin PBXBuildFile section */
		00749D9ECA3857337CE2D436 /* Assets.xcassets in Resources */ = {isa = PBXBuildFile; fileRef = 36136C36CA31C22201F8F115 /* Assets.xcassets */; };
		1849ABF4777FA73FE3F1F778 /* ThoughtPinsApp in Frameworks */ = {isa = PBXBuildFile; productRef = 2FC6DD5D2662C47BF94F756C /* ThoughtPinsApp */; };
		4FCDF610C463C2E5533B91C1 /* ThoughtPinsNativeApp.swift in Sources */ = {isa = PBXBuildFile; fileRef = 5A52722D9A2154A0ADA7D4D2 /* ThoughtPinsNativeApp.swift */; };
		5C6F4E3B4D414DDF721A6DA1 /* PrivacyInfo.xcprivacy in Resources */ = {isa = PBXBuildFile; fileRef = 90B3A74FB3CC8E724B025CBB /* PrivacyInfo.xcprivacy */; };
/* End PBXBuildFile section */

/* Begin PBXFileReference section */
		36136C36CA31C22201F8F115 /* Assets.xcassets */ = {isa = PBXFileReference; lastKnownFileType = folder.assetcatalog; path = Assets.xcassets; sourceTree = "<group>"; };
		5A52722D9A2154A0ADA7D4D2 /* ThoughtPinsNativeApp.swift */ = {isa = PBXFileReference; lastKnownFileType = sourcecode.swift; path = ThoughtPinsNativeApp.swift; sourceTree = "<group>"; };
		649EE06E3E4BB1C128D6B8A5 /* ThoughtPinsApp */ = {isa = PBXFileReference; lastKnownFileType = folder; name = ThoughtPinsApp; path = ../ThoughtPinsApp; sourceTree = SOURCE_ROOT; };
		90B3A74FB3CC8E724B025CBB /* PrivacyInfo.xcprivacy */ = {isa = PBXFileReference; path = PrivacyInfo.xcprivacy; sourceTree = "<group>"; };
		EC6C96A5B2B53203472C46D9 /* ThoughtPins.app */ = {isa = PBXFileReference; includeInIndex = 0; lastKnownFileType = wrapper.application; path = ThoughtPins.app; sourceTree = BUILT_PRODUCTS_DIR; };
/* End PBXFileReference section */

/* Begin PBXFrameworksBuildPhase section */
		F1A77E2E31AB862E82FF221B /* Frameworks */ = {
			isa = PBXFrameworksBuildPhase;
			buildActionMask = 2147483647;
			files = (
				1849ABF4777FA73FE3F1F778 /* ThoughtPinsApp in Frameworks */,
			);
			runOnlyForDeploymentPostprocessing = 0;
		};
/* End PBXFrameworksBuildPhase section */

/* Begin PBXGroup section */
		0DF35990BECB0C969105FC35 /* Resources */ = {
			isa = PBXGroup;
			children = (
				36136C36CA31C22201F8F115 /* Assets.xcassets */,
				90B3A74FB3CC8E724B025CBB /* PrivacyInfo.xcprivacy */,
			);
			path = Resources;
			sourceTree = "<group>";
		};
		0F7E3221C66DB7529F48DC64 /* Products */ = {
			isa = PBXGroup;
			children = (
				EC6C96A5B2B53203472C46D9 /* ThoughtPins.app */,
			);
			name = Products;
			sourceTree = "<group>";
		};
		ACF9B7702009E5E304F349D3 /* Packages */ = {
			isa = PBXGroup;
			children = (
				649EE06E3E4BB1C128D6B8A5 /* ThoughtPinsApp */,
			);
			name = Packages;
			sourceTree = "<group>";
		};
		C45D57D384B6E0BF405C7A35 = {
			isa = PBXGroup;
			children = (
				ACF9B7702009E5E304F349D3 /* Packages */,
				0DF35990BECB0C969105FC35 /* Resources */,
				F3859CC0D8B67F90ECFE1E64 /* Sources */,
				0F7E3221C66DB7529F48DC64 /* Products */,
			);
			sourceTree = "<group>";
		};
		F3859CC0D8B67F90ECFE1E64 /* Sources */ = {
			isa = PBXGroup;
			children = (
				5A52722D9A2154A0ADA7D4D2 /* ThoughtPinsNativeApp.swift */,
			);
			path = Sources;
			sourceTree = "<group>";
		};
/* End PBXGroup section */

/* Begin PBXNativeTarget section */
		4E45246E58CAB70A7FB4AA2D /* ThoughtPins */ = {
			isa = PBXNativeTarget;
			buildConfigurationList = 3594F2626D0BD68D22C947A4 /* Build configuration list for PBXNativeTarget "ThoughtPins" */;
			buildPhases = (
				648BFB22301B4D4EE121E4C2 /* Sources */,
				A9B482EAF277DC2303686C35 /* Resources */,
				F1A77E2E31AB862E82FF221B /* Frameworks */,
			);
			buildRules = (
			);
			dependencies = (
			);
			name = ThoughtPins;
			packageProductDependencies = (
				2FC6DD5D2662C47BF94F756C /* ThoughtPinsApp */,
			);
			productName = ThoughtPins;
			productReference = EC6C96A5B2B53203472C46D9 /* ThoughtPins.app */;
			productType = "com.apple.product-type.application";
		};
/* End PBXNativeTarget section */

/* Begin PBXProject section */
		CB5B7DBA7305E78D55AFF541 /* Project object */ = {
			isa = PBXProject;
			attributes = {
				BuildIndependentTargetsInParallel = YES;
				LastUpgradeCheck = 1430;
				TargetAttributes = {
					4E45246E58CAB70A7FB4AA2D = {
						ProvisioningStyle = Automatic;
					};
				};
			};
			buildConfigurationList = 34C503368D0D24CCD1EB1C41 /* Build configuration list for PBXProject "ThoughtPins" */;
			compatibilityVersion = "Xcode 15.0";
			developmentRegion = en;
			hasScannedForEncodings = 0;
			knownRegions = (
				Base,
				en,
			);
			mainGroup = C45D57D384B6E0BF405C7A35;
			minimizedProjectReferenceProxies = 1;
			packageReferences = (
				255D048B19E3E98274BAB61F /* XCLocalSwiftPackageReference "../ThoughtPinsApp" */,
			);
			productRefGroup = 0F7E3221C66DB7529F48DC64 /* Products */;
			projectDirPath = "";
			projectRoot = "";
			targets = (
				4E45246E58CAB70A7FB4AA2D /* ThoughtPins */,
			);
		};
/* End PBXProject section */

/* Begin PBXResourcesBuildPhase section */
		A9B482EAF277DC2303686C35 /* Resources */ = {
			isa = PBXResourcesBuildPhase;
			buildActionMask = 2147483647;
			files = (
				00749D9ECA3857337CE2D436 /* Assets.xcassets in Resources */,
				5C6F4E3B4D414DDF721A6DA1 /* PrivacyInfo.xcprivacy in Resources */,
			);
			runOnlyForDeploymentPostprocessing = 0;
		};
/* End PBXResourcesBuildPhase section */

/* Begin PBXSourcesBuildPhase section */
		648BFB22301B4D4EE121E4C2 /* Sources */ = {
			isa = PBXSourcesBuildPhase;
			buildActionMask = 2147483647;
			files = (
				4FCDF610C463C2E5533B91C1 /* ThoughtPinsNativeApp.swift in Sources */,
			);
			runOnlyForDeploymentPostprocessing = 0;
		};
/* End PBXSourcesBuildPhase section */

/* Begin XCBuildConfiguration section */
		0B3888AF55531B0443854457 /* Debug */ = {
			isa = XCBuildConfiguration;
			buildSettings = {
				ALWAYS_SEARCH_USER_PATHS = NO;
				CLANG_ANALYZER_NONNULL = YES;
				CLANG_ANALYZER_NUMBER_OBJECT_CONVERSION = YES_AGGRESSIVE;
				CLANG_CXX_LANGUAGE_STANDARD = "gnu++14";
				CLANG_CXX_LIBRARY = "libc++";
				CLANG_ENABLE_MODULES = YES;
				CLANG_ENABLE_OBJC_ARC = YES;
				CLANG_ENABLE_OBJC_WEAK = YES;
				CLANG_WARN_BLOCK_CAPTURE_AUTORELEASING = YES;
				CLANG_WARN_BOOL_CONVERSION = YES;
				CLANG_WARN_COMMA = YES;
				CLANG_WARN_CONSTANT_CONVERSION = YES;
				CLANG_WARN_DEPRECATED_OBJC_IMPLEMENTATIONS = YES;
				CLANG_WARN_DIRECT_OBJC_ISA_USAGE = YES_ERROR;
				CLANG_WARN_DOCUMENTATION_COMMENTS = YES;
				CLANG_WARN_EMPTY_BODY = YES;
				CLANG_WARN_ENUM_CONVERSION = YES;
				CLANG_WARN_INFINITE_RECURSION = YES;
				CLANG_WARN_INT_CONVERSION = YES;
				CLANG_WARN_NON_LITERAL_NULL_CONVERSION = YES;
				CLANG_WARN_OBJC_IMPLICIT_RETAIN_SELF = YES;
				CLANG_WARN_OBJC_LITERAL_CONVERSION = YES;
				CLANG_WARN_OBJC_ROOT_CLASS = YES_ERROR;
				CLANG_WARN_QUOTED_INCLUDE_IN_FRAMEWORK_HEADER = YES;
				CLANG_WARN_RANGE_LOOP_ANALYSIS = YES;
				CLANG_WARN_STRICT_PROTOTYPES = YES;
				CLANG_WARN_SUSPICIOUS_MOVE = YES;
				CLANG_WARN_UNGUARDED_AVAILABILITY = YES_AGGRESSIVE;
				CLANG_WARN_UNREACHABLE_CODE = YES;
				CLANG_WARN__DUPLICATE_METHOD_MATCH = YES;
				CODE_SIGN_STYLE = Automatic;
				COPY_PHASE_STRIP = NO;
				CURRENT_PROJECT_VERSION = 1;
				DEBUG_INFORMATION_FORMAT = dwarf;
				ENABLE_STRICT_OBJC_MSGSEND = YES;
				ENABLE_TESTABILITY = YES;
				ENABLE_USER_SCRIPT_SANDBOXING = YES;
				GCC_C_LANGUAGE_STANDARD = gnu11;
				GCC_DYNAMIC_NO_PIC = NO;
				GCC_NO_COMMON_BLOCKS = YES;
				GCC_OPTIMIZATION_LEVEL = 0;
				GCC_PREPROCESSOR_DEFINITIONS = (
					"$(inherited)",
					"DEBUG=1",
				);
				GCC_WARN_64_TO_32_BIT_CONVERSION = YES;
				GCC_WARN_ABOUT_RETURN_TYPE = YES_ERROR;
				GCC_WARN_UNDECLARED_SELECTOR = YES;
				GCC_WARN_UNINITIALIZED_AUTOS = YES_AGGRESSIVE;
				GCC_WARN_UNUSED_FUNCTION = YES;
				GCC_WARN_UNUSED_VARIABLE = YES;
				IPHONEOS_DEPLOYMENT_TARGET = 17.0;
				MARKETING_VERSION = 1.0.0;
				MTL_ENABLE_DEBUG_INFO = INCLUDE_SOURCE;
				MTL_FAST_MATH = YES;
				ONLY_ACTIVE_ARCH = YES;
				PRODUCT_NAME = "$(TARGET_NAME)";
				SDKROOT = iphoneos;
				SWIFT_ACTIVE_COMPILATION_CONDITIONS = DEBUG;
				SWIFT_OPTIMIZATION_LEVEL = "-Onone";
				SWIFT_VERSION = 5.9;
			};
			name = Debug;
		};
		372814DE367A5DA1D2921DD0 /* Release */ = {
			isa = XCBuildConfiguration;
			buildSettings = {
				ASSETCATALOG_COMPILER_APPICON_NAME = AppIcon;
				ASSETCATALOG_COMPILER_GLOBAL_ACCENT_COLOR_NAME = AccentColor;
				CODE_SIGN_ENTITLEMENTS = Resources/ThoughtPins.entitlements;
				CODE_SIGN_IDENTITY = "iPhone Developer";
				GENERATE_INFOPLIST_FILE = NO;
				INFOPLIST_FILE = Resources/Info.plist;
				LD_RUNPATH_SEARCH_PATHS = (
					"$(inherited)",
					"@executable_path/Frameworks",
				);
				PRODUCT_BUNDLE_IDENTIFIER = com.thoughtpins.app;
				PRODUCT_NAME = "Thought Pins";
				SDKROOT = iphoneos;
				SUPPORTS_MACCATALYST = NO;
				SWIFT_STRICT_CONCURRENCY = complete;
				TARGETED_DEVICE_FAMILY = "1,2";
				THOUGHTPINS_API_BASE_URL = "https://api.thoughtpins.com";
			};
			name = Release;
		};
		7A78535325DB5850BD6027AC /* Debug */ = {
			isa = XCBuildConfiguration;
			buildSettings = {
				ASSETCATALOG_COMPILER_APPICON_NAME = AppIcon;
				ASSETCATALOG_COMPILER_GLOBAL_ACCENT_COLOR_NAME = AccentColor;
				CODE_SIGN_ENTITLEMENTS = Resources/ThoughtPins.entitlements;
				CODE_SIGN_IDENTITY = "iPhone Developer";
				GENERATE_INFOPLIST_FILE = NO;
				INFOPLIST_FILE = Resources/Info.plist;
				LD_RUNPATH_SEARCH_PATHS = (
					"$(inherited)",
					"@executable_path/Frameworks",
				);
				PRODUCT_BUNDLE_IDENTIFIER = com.thoughtpins.app;
				PRODUCT_NAME = "Thought Pins";
				SDKROOT = iphoneos;
				SUPPORTS_MACCATALYST = NO;
				SWIFT_STRICT_CONCURRENCY = complete;
				TARGETED_DEVICE_FAMILY = "1,2";
				THOUGHTPINS_API_BASE_URL = "https://api.thoughtpins.com";
			};
			name = Debug;
		};
		E09895E4D621DE6AF862E067 /* Release */ = {
			isa = XCBuildConfiguration;
			buildSettings = {
				ALWAYS_SEARCH_USER_PATHS = NO;
				CLANG_ANALYZER_NONNULL = YES;
				CLANG_ANALYZER_NUMBER_OBJECT_CONVERSION = YES_AGGRESSIVE;
				CLANG_CXX_LANGUAGE_STANDARD = "gnu++14";
				CLANG_CXX_LIBRARY = "libc++";
				CLANG_ENABLE_MODULES = YES;
				CLANG_ENABLE_OBJC_ARC = YES;
				CLANG_ENABLE_OBJC_WEAK = YES;
				CLANG_WARN_BLOCK_CAPTURE_AUTORELEASING = YES;
				CLANG_WARN_BOOL_CONVERSION = YES;
				CLANG_WARN_COMMA = YES;
				CLANG_WARN_CONSTANT_CONVERSION = YES;
				CLANG_WARN_DEPRECATED_OBJC_IMPLEMENTATIONS = YES;
				CLANG_WARN_DIRECT_OBJC_ISA_USAGE = YES_ERROR;
				CLANG_WARN_DOCUMENTATION_COMMENTS = YES;
				CLANG_WARN_EMPTY_BODY = YES;
				CLANG_WARN_ENUM_CONVERSION = YES;
				CLANG_WARN_INFINITE_RECURSION = YES;
				CLANG_WARN_INT_CONVERSION = YES;
				CLANG_WARN_NON_LITERAL_NULL_CONVERSION = YES;
				CLANG_WARN_OBJC_IMPLICIT_RETAIN_SELF = YES;
				CLANG_WARN_OBJC_LITERAL_CONVERSION = YES;
				CLANG_WARN_OBJC_ROOT_CLASS = YES_ERROR;
				CLANG_WARN_QUOTED_INCLUDE_IN_FRAMEWORK_HEADER = YES;
				CLANG_WARN_RANGE_LOOP_ANALYSIS = YES;
				CLANG_WARN_STRICT_PROTOTYPES = YES;
				CLANG_WARN_SUSPICIOUS_MOVE = YES;
				CLANG_WARN_UNGUARDED_AVAILABILITY = YES_AGGRESSIVE;
				CLANG_WARN_UNREACHABLE_CODE = YES;
				CLANG_WARN__DUPLICATE_METHOD_MATCH = YES;
				CODE_SIGN_STYLE = Automatic;
				COPY_PHASE_STRIP = NO;
				CURRENT_PROJECT_VERSION = 1;
				DEBUG_INFORMATION_FORMAT = "dwarf-with-dsym";
				ENABLE_NS_ASSERTIONS = NO;
				ENABLE_STRICT_OBJC_MSGSEND = YES;
				ENABLE_USER_SCRIPT_SANDBOXING = YES;
				GCC_C_LANGUAGE_STANDARD = gnu11;
				GCC_NO_COMMON_BLOCKS = YES;
				GCC_WARN_64_TO_32_BIT_CONVERSION = YES;
				GCC_WARN_ABOUT_RETURN_TYPE = YES_ERROR;
				GCC_WARN_UNDECLARED_SELECTOR = YES;
				GCC_WARN_UNINITIALIZED_AUTOS = YES_AGGRESSIVE;
				GCC_WARN_UNUSED_FUNCTION = YES;
				GCC_WARN_UNUSED_VARIABLE = YES;
				IPHONEOS_DEPLOYMENT_TARGET = 17.0;
				MARKETING_VERSION = 1.0.0;
				MTL_ENABLE_DEBUG_INFO = NO;
				MTL_FAST_MATH = YES;
				PRODUCT_NAME = "$(TARGET_NAME)";
				SDKROOT = iphoneos;
				SWIFT_COMPILATION_MODE = wholemodule;
				SWIFT_OPTIMIZATION_LEVEL = "-O";
				SWIFT_VERSION = 5.9;
			};
			name = Release;
		};
/* End XCBuildConfiguration section */

/* Begin XCConfigurationList section */
		34C503368D0D24CCD1EB1C41 /* Build configuration list for PBXProject "ThoughtPins" */ = {
			isa = XCConfigurationList;
			buildConfigurations = (
				0B3888AF55531B0443854457 /* Debug */,
				E09895E4D621DE6AF862E067 /* Release */,
			);
			defaultConfigurationIsVisible = 0;
			defaultConfigurationName = Debug;
		};
		3594F2626D0BD68D22C947A4 /* Build configuration list for PBXNativeTarget "ThoughtPins" */ = {
			isa = XCConfigurationList;
			buildConfigurations = (
				7A78535325DB5850BD6027AC /* Debug */,
				372814DE367A5DA1D2921DD0 /* Release */,
			);
			defaultConfigurationIsVisible = 0;
			defaultConfigurationName = Debug;
		};
/* End XCConfigurationList section */

/* Begin XCLocalSwiftPackageReference section */
		255D048B19E3E98274BAB61F /* XCLocalSwiftPackageReference "../ThoughtPinsApp" */ = {
			isa = XCLocalSwiftPackageReference;
			relativePath = ../ThoughtPinsApp;
		};
/* End XCLocalSwiftPackageReference section */

/* Begin XCSwiftPackageProductDependency section */
		2FC6DD5D2662C47BF94F756C /* ThoughtPinsApp */ = {
			isa = XCSwiftPackageProductDependency;
			productName = ThoughtPinsApp;
		};
/* End XCSwiftPackageProductDependency section */
	};
	rootObject = CB5B7DBA7305E78D55AFF541 /* Project object */;
}
